
Microsoft Visual Studio Solution File, Format Version 12.00
# Visual Studio Version 16
VisualStudioVersion = 16.0.30517.126
MinimumVisualStudioVersion = 10.0.40219.1
Project("{FAE04EC0-301F-11D3-BF4B-00C04F79EFBC}") = "Task5", "ClassLibrary1\Task5.csproj", "{2D415BD7-43FB-485B-95FB-35940CD3211D}"
EndProject
Project("{FAE04EC0-301F-11D3-BF4B-00C04F79EFBC}") = "WindowsFormsApp1", "WindowsFormsApp1\WindowsFormsApp1.csproj", "{45F71C56-A074-4A9D-8646-3F638BF77E93}"
EndProject
Project("{2150E333-8FDC-42A3-9474-1A3956D46DE8}") = "task5", "task5", "{7A531EC1-36DD-4CA9-BE62-4FF4F3E3B71A}"
EndProject
Global
	GlobalSection(SolutionConfigurationPlatforms) = preSolution
		Debug|Any CPU = Debug|Any CPU
		Release|Any CPU = Release|Any CPU
	EndGlobalSection
	GlobalSection(ProjectConfigurationPlatforms) = postSolution
		{2D415BD7-43FB-485B-95FB-35940CD3211D}.Debug|Any CPU.ActiveCfg = Debug|Any CPU
		{2D415BD7-43FB-485B-95FB-35940CD3211D}.Debug|Any CPU.Build.0 = Debug|Any CPU
		{2D415BD7-43FB-485B-95FB-35940CD3211D}.Release|Any CPU.ActiveCfg = Release|Any CPU
		{2D415BD7-43FB-485B-95FB-35940CD3211D}.Release|Any CPU.Build.0 = Release|Any CPU
		{45F71C56-A074-4A9D-8646-3F638BF77E93}.Debug|Any CPU.ActiveCfg = Debug|Any CPU
		{45F71C56-A074-4A9D-8646-3F638BF77E93}.Debug|Any CPU.Build.0 = Debug|Any CPU
		{45F71C56-A074-4A9D-8646-3F638BF77E93}.Release|Any CPU.ActiveCfg = Release|Any CPU
		{45F71C56-A074-4A9D-8646-3F638BF77E93}.Release|Any CPU.Build.0 = Release|Any CPU
	EndGlobalSection
	GlobalSection(SolutionProperties) = preSolution
		HideSolutionNode = FALSE
	EndGlobalSection
	GlobalSection(NestedProjects) = preSolution
		{2D415BD7-43FB-485B-95FB-35940CD3211D} = {7A531EC1-36DD-4CA9-BE62-4FF4F3E3B71A}
		{45F71C56-A074-4A9D-8646-3F638BF77E93} = {7A531EC1-36DD-4CA9-BE62-4FF4F3E3B71A}
	EndGlobalSection
	GlobalSection(ExtensibilityGlobals) = postSolution
		SolutionGuid = {9B540BC8-29C4-4768-8BBE-777352CC0E29}
	EndGlobalSection
EndGlobal
